
Microsoft Visual Studio Solution File, Format Version 12.00
# Visual Studio Version 16
VisualStudioVersion = 16.0.30907.101
MinimumVisualStudioVersion = 10.0.40219.1
Project("{FAE04EC0-301F-11D3-BF4B-00C04F79EFBC}") = "TestDataGridExtensions", "TestDataGridExtensions\TestDataGridExtensions.csproj", "{B3DCBD11-DF1B-485B-9A01-AAA3EB9A69EB}"
EndProject
Project("{9A19103F-16F7-4668-BE54-9A1E7A4F7556}") = "DataGridExtensions", "DataGridExtensions-master\src\DataGridExtensions\DataGridExtensions.csproj", "{879DA76D-99D4-48CC-B293-740AB4DF8311}"
EndProject
Global
	GlobalSection(SolutionConfigurationPlatforms) = preSolution
		Debug|Any CPU = Debug|Any CPU
		Release|Any CPU = Release|Any CPU
	EndGlobalSection
	GlobalSection(ProjectConfigurationPlatforms) = postSolution
		{B3DCBD11-DF1B-485B-9A01-AAA3EB9A69EB}.Debug|Any CPU.ActiveCfg = Debug|Any CPU
		{B3DCBD11-DF1B-485B-9A01-AAA3EB9A69EB}.Debug|Any CPU.Build.0 = Debug|Any CPU
		{B3DCBD11-DF1B-485B-9A01-AAA3EB9A69EB}.Release|Any CPU.ActiveCfg = Release|Any CPU
		{B3DCBD11-DF1B-485B-9A01-AAA3EB9A69EB}.Release|Any CPU.Build.0 = Release|Any CPU
		{879DA76D-99D4-48CC-B293-740AB4DF8311}.Debug|Any CPU.ActiveCfg = Debug|Any CPU
		{879DA76D-99D4-48CC-B293-740AB4DF8311}.Debug|Any CPU.Build.0 = Debug|Any CPU
		{879DA76D-99D4-48CC-B293-740AB4DF8311}.Release|Any CPU.ActiveCfg = Release|Any CPU
		{879DA76D-99D4-48CC-B293-740AB4DF8311}.Release|Any CPU.Build.0 = Release|Any CPU
	EndGlobalSection
	GlobalSection(SolutionProperties) = preSolution
		HideSolutionNode = FALSE
	EndGlobalSection
	GlobalSection(ExtensibilityGlobals) = postSolution
		SolutionGuid = {19F5570B-461D-49BD-BEEF-F08A6C9B23EA}
	EndGlobalSection
EndGlobal
